
Microsoft Visual Studio Solution File, Format Version 12.00
# Visual Studio 2013
VisualStudioVersion = 12.0.31101.0
MinimumVisualStudioVersion = 10.0.40219.1
Project("{FAE04EC0-301F-11D3-BF4B-00C04F79EFBC}") = "AuctionSniper.Specs", "AuctionSniper.Specs\AuctionSniper.Specs.csproj", "{4CA5486F-B457-4905-8F89-35B85A151BEE}"
EndProject
Project("{FAE04EC0-301F-11D3-BF4B-00C04F79EFBC}") = "AuctionSniper.UI", "AuctionSniper.UI\AuctionSniper.UI.csproj", "{5D1A4117-EC0C-41BD-92C0-6F82C829CC20}"
EndProject
Project("{2150E333-8FDC-42A3-9474-1A3956D46DE8}") = ".nuget", ".nuget", "{BC748BD0-3625-4D3D-A3AC-80B8BC798A81}"
	ProjectSection(SolutionItems) = preProject
		.nuget\NuGet.Config = .nuget\NuGet.Config
		.nuget\NuGet.exe = .nuget\NuGet.exe
		.nuget\NuGet.targets = .nuget\NuGet.targets
	EndProjectSection
EndProject
Global
	GlobalSection(SolutionConfigurationPlatforms) = preSolution
		Debug|Any CPU = Debug|Any CPU
		Release|Any CPU = Release|Any CPU
	EndGlobalSection
	GlobalSection(ProjectConfigurationPlatforms) = postSolution
		{4CA5486F-B457-4905-8F89-35B85A151BEE}.Debug|Any CPU.ActiveCfg = Debug|Any CPU
		{4CA5486F-B457-4905-8F89-35B85A151BEE}.Debug|Any CPU.Build.0 = Debug|Any CPU
		{4CA5486F-B457-4905-8F89-35B85A151BEE}.Release|Any CPU.ActiveCfg = Release|Any CPU
		{4CA5486F-B457-4905-8F89-35B85A151BEE}.Release|Any CPU.Build.0 = Release|Any CPU
		{5D1A4117-EC0C-41BD-92C0-6F82C829CC20}.Debug|Any CPU.ActiveCfg = Debug|Any CPU
		{5D1A4117-EC0C-41BD-92C0-6F82C829CC20}.Debug|Any CPU.Build.0 = Debug|Any CPU
		{5D1A4117-EC0C-41BD-92C0-6F82C829CC20}.Release|Any CPU.ActiveCfg = Release|Any CPU
		{5D1A4117-EC0C-41BD-92C0-6F82C829CC20}.Release|Any CPU.Build.0 = Release|Any CPU
	EndGlobalSection
	GlobalSection(SolutionProperties) = preSolution
		HideSolutionNode = FALSE
	EndGlobalSection
EndGlobal
